
Microsoft Visual Studio Solution File, Format Version 12.00
# Visual Studio Version 17
VisualStudioVersion = 17.0.31612.314
MinimumVisualStudioVersion = 10.0.40219.1
Project("{9A19103F-16F7-4668-BE54-9A1E7A4F7556}") = "LeiTool", "LeiTool\LeiTool\LeiTool.csproj", "{776759C7-B065-4ADA-970C-D42FF15C00DE}"
EndProject
Project("{FAE04EC0-301F-11D3-BF4B-00C04F79EFBC}") = "LeiTool.Android", "LeiTool\LeiTool.Android\LeiTool.Android.csproj", "{A3925CCB-2C62-4305-A03F-DDDC79E1096E}"
EndProject
Project("{FAE04EC0-301F-11D3-BF4B-00C04F79EFBC}") = "CiSongProducer", "CiSongProducer\CiSongProducer.csproj", "{9D0842C8-AD3E-4050-A3E5-4624C8AAB45D}"
EndProject
Project("{2150E333-8FDC-42A3-9474-1A3956D46DE8}") = "Solution Items", "Solution Items", "{4973F4CD-ED45-4B06-92DA-4DC54D5158D0}"
	ProjectSection(SolutionItems) = preProject
		README.md = README.md
	EndProjectSection
EndProject
Global
	GlobalSection(SolutionConfigurationPlatforms) = preSolution
		Debug|Any CPU = Debug|Any CPU
		Release|Any CPU = Release|Any CPU
	EndGlobalSection
	GlobalSection(ProjectConfigurationPlatforms) = postSolution
		{776759C7-B065-4ADA-970C-D42FF15C00DE}.Debug|Any CPU.ActiveCfg = Debug|Any CPU
		{776759C7-B065-4ADA-970C-D42FF15C00DE}.Debug|Any CPU.Build.0 = Debug|Any CPU
		{776759C7-B065-4ADA-970C-D42FF15C00DE}.Debug|Any CPU.Deploy.0 = Debug|Any CPU
		{776759C7-B065-4ADA-970C-D42FF15C00DE}.Release|Any CPU.ActiveCfg = Release|Any CPU
		{776759C7-B065-4ADA-970C-D42FF15C00DE}.Release|Any CPU.Build.0 = Release|Any CPU
		{776759C7-B065-4ADA-970C-D42FF15C00DE}.Release|Any CPU.Deploy.0 = Release|Any CPU
		{A3925CCB-2C62-4305-A03F-DDDC79E1096E}.Debug|Any CPU.ActiveCfg = Debug|Any CPU
		{A3925CCB-2C62-4305-A03F-DDDC79E1096E}.Debug|Any CPU.Build.0 = Debug|Any CPU
		{A3925CCB-2C62-4305-A03F-DDDC79E1096E}.Debug|Any CPU.Deploy.0 = Debug|Any CPU
		{A3925CCB-2C62-4305-A03F-DDDC79E1096E}.Release|Any CPU.ActiveCfg = Release|Any CPU
		{A3925CCB-2C62-4305-A03F-DDDC79E1096E}.Release|Any CPU.Build.0 = Release|Any CPU
		{A3925CCB-2C62-4305-A03F-DDDC79E1096E}.Release|Any CPU.Deploy.0 = Release|Any CPU
		{9D0842C8-AD3E-4050-A3E5-4624C8AAB45D}.Debug|Any CPU.ActiveCfg = Debug|Any CPU
		{9D0842C8-AD3E-4050-A3E5-4624C8AAB45D}.Debug|Any CPU.Build.0 = Debug|Any CPU
		{9D0842C8-AD3E-4050-A3E5-4624C8AAB45D}.Release|Any CPU.ActiveCfg = Release|Any CPU
		{9D0842C8-AD3E-4050-A3E5-4624C8AAB45D}.Release|Any CPU.Build.0 = Release|Any CPU
	EndGlobalSection
	GlobalSection(SolutionProperties) = preSolution
		HideSolutionNode = FALSE
	EndGlobalSection
	GlobalSection(ExtensibilityGlobals) = postSolution
		SolutionGuid = {8665D846-9305-46E4-9D52-CE68316F0824}
	EndGlobalSection
EndGlobal
